// !$*UTF8*$!
{
	archiveVersion = 1;
	classes = {
	};
	objectVersion = 46;
	objects = {

/* Begin PBXBuildFile section */
		F0D9CC211F4EC25900A40DC1 /* main.m in Sources */ = {isa = PBXBuildFile; fileRef = F0D9CC201F4EC25900A40DC1 /* main.m */; };
		F0D9CC241F4EC25900A40DC1 /* AppDelegate.m in Sources */ = {isa = PBXBuildFile; fileRef = F0D9CC231F4EC25900A40DC1 /* AppDelegate.m */; };
		F0D9CC271F4EC25900A40DC1 /* ViewController.m in Sources */ = {isa = PBXBuildFile; fileRef = F0D9CC261F4EC25900A40DC1 /* ViewController.m */; };
		F0D9CC2A1F4EC25900A40DC1 /* Main.storyboard in Resources */ = {isa = PBXBuildFile; fileRef = F0D9CC281F4EC25900A40DC1 /* Main.storyboard */; };
		F0D9CC2C1F4EC25900A40DC1 /* Assets.xcassets in Resources */ = {isa = PBXBuildFile; fileRef = F0D9CC2B1F4EC25900A40DC1 /* Assets.xcassets */; };
		F0D9CC2F1F4EC25900A40DC1 /* LaunchScreen.storyboard in Resources */ = {isa = PBXBuildFile; fileRef = F0D9CC2D1F4EC25900A40DC1 /* LaunchScreen.storyboard */; };
		F0D9CC3A1F4EC25900A40DC1 /* _____Tests.m in Sources */ = {isa = PBXBuildFile; fileRef = F0D9CC391F4EC25900A40DC1 /* _____Tests.m */; };
		F0D9CC451F4EC25900A40DC1 /* _____UITests.m in Sources */ = {isa = PBXBuildFile; fileRef = F0D9CC441F4EC25900A40DC1 /* _____UITests.m */; };
/* End PBXBuildFile section */

/* Begin PBXContainerItemProxy section */
		F0D9CC361F4EC25900A40DC1 /* PBXContainerItemProxy */ = {
			isa = PBXContainerItemProxy;
			containerPortal = F0D9CC141F4EC25900A40DC1 /* Project object */;
			proxyType = 1;
			remoteGlobalIDString = F0D9CC1B1F4EC25900A40DC1;
			remoteInfo = "事件响应链";
		};
		F0D9CC411F4EC25900A40DC1 /* PBXContainerItemProxy */ = {
			isa = PBXContainerItemProxy;
			containerPortal = F0D9CC141F4EC25900A40DC1 /* Project object */;
			proxyType = 1;
			remoteGlobalIDString = F0D9CC1B1F4EC25900A40DC1;
			remoteInfo = "事件响应链";
		};
/* End PBXContainerItemProxy section */

/* Begin PBXFileReference section */
		F0D9CC1C1F4EC25900A40DC1 /* 事件响应链.app */ = {isa = PBXFileReference; explicitFileType = wrapper.application; includeInIndex = 0; path = "事件响应链.app"; sourceTree = BUILT_PRODUCTS_DIR; };
		F0D9CC201F4EC25900A40DC1 /* main.m */ = {isa = PBXFileReference; lastKnownFileType = sourcecode.c.objc; path = main.m; sourceTree = "<group>"; };
		F0D9CC221F4EC25900A40DC1 /* AppDelegate.h */ = {isa = PBXFileReference; lastKnownFileType = sourcecode.c.h; path = AppDelegate.h; sourceTree = "<group>"; };
		F0D9CC231F4EC25900A40DC1 /* AppDelegate.m */ = {isa = PBXFileReference; lastKnownFileType = sourcecode.c.objc; path = AppDelegate.m; sourceTree = "<group>"; };
		F0D9CC251F4EC25900A40DC1 /* ViewController.h */ = {isa = PBXFileReference; lastKnownFileType = sourcecode.c.h; path = ViewController.h; sourceTree = "<group>"; };
		F0D9CC261F4EC25900A40DC1 /* ViewController.m */ = {isa = PBXFileReference; lastKnownFileType = sourcecode.c.objc; path = ViewController.m; sourceTree = "<group>"; };
		F0D9CC291F4EC25900A40DC1 /* Base */ = {isa = PBXFileReference; lastKnownFileType = file.storyboard; name = Base; path = Base.lproj/Main.storyboard; sourceTree = "<group>"; };
		F0D9CC2B1F4EC25900A40DC1 /* Assets.xcassets */ = {isa = PBXFileReference; lastKnownFileType = folder.assetcatalog; path = Assets.xcassets; sourceTree = "<group>"; };
		F0D9CC2E1F4EC25900A40DC1 /* Base */ = {isa = PBXFileReference; lastKnownFileType = file.storyboard; name = Base; path = Base.lproj/LaunchScreen.storyboard; sourceTree = "<group>"; };
		F0D9CC301F4EC25900A40DC1 /* Info.plist */ = {isa = PBXFileReference; lastKnownFileType = text.plist.xml; path = Info.plist; sourceTree = "<group>"; };
		F0D9CC351F4EC25900A40DC1 /* 事件响应链Tests.xctest */ = {isa = PBXFileReference; explicitFileType = wrapper.cfbundle; includeInIndex = 0; path = "事件响应链Tests.xctest"; sourceTree = BUILT_PRODUCTS_DIR; };
		F0D9CC391F4EC25900A40DC1 /* _____Tests.m */ = {isa = PBXFileReference; lastKnownFileType = sourcecode.c.objc; path = "_____Tests.m"; sourceTree = "<group>"; };
		F0D9CC3B1F4EC25900A40DC1 /* Info.plist */ = {isa = PBXFileReference; lastKnownFileType = text.plist.xml; path = Info.plist; sourceTree = "<group>"; };
		F0D9CC401F4EC25900A40DC1 /* 事件响应链UITests.xctest */ = {isa = PBXFileReference; explicitFileType = wrapper.cfbundle; includeInIndex = 0; path = "事件响应链UITests.xctest"; sourceTree = BUILT_PRODUCTS_DIR; };
		F0D9CC441F4EC25900A40DC1 /* _____UITests.m */ = {isa = PBXFileReference; lastKnownFileType = sourcecode.c.objc; path = "_____UITests.m"; sourceTree = "<group>"; };
		F0D9CC461F4EC25900A40DC1 /* Info.plist */ = {isa = PBXFileReference; lastKnownFileType = text.plist.xml; path = Info.plist; sourceTree = "<group>"; };
/* End PBXFileReference section */

/* Begin PBXFrameworksBuildPhase section */
		F0D9CC191F4EC25900A40DC1 /* Frameworks */ = {
			isa = PBXFrameworksBuildPhase;
			buildActionMask = 2147483647;
			files = (
			);
			runOnlyForDeploymentPostprocessing = 0;
		};
		F0D9CC321F4EC25900A40DC1 /* Frameworks */ = {
			isa = PBXFrameworksBuildPhase;
			buildActionMask = 2147483647;
			files = (
			);
			runOnlyForDeploymentPostprocessing = 0;
		};
		F0D9CC3D1F4EC25900A40DC1 /* Frameworks */ = {
			isa = PBXFrameworksBuildPhase;
			buildActionMask = 2147483647;
			files = (
			);
			runOnlyForDeploymentPostprocessing = 0;
		};
/* End PBXFrameworksBuildPhase section */

/* Begin PBXGroup section */
		F0D9CC131F4EC25900A40DC1 = {
			isa = PBXGroup;
			children = (
				F0D9CC1E1F4EC25900A40DC1 /* 事件响应链 */,
				F0D9CC381F4EC25900A40DC1 /* 事件响应链Tests */,
				F0D9CC431F4EC25900A40DC1 /* 事件响应链UITests */,
				F0D9CC1D1F4EC25900A40DC1 /* Products */,
			);
			sourceTree = "<group>";
		};
		F0D9CC1D1F4EC25900A40DC1 /* Products */ = {
			isa = PBXGroup;
			children = (
				F0D9CC1C1F4EC25900A40DC1 /* 事件响应链.app */,
				F0D9CC351F4EC25900A40DC1 /* 事件响应链Tests.xctest */,
				F0D9CC401F4EC25900A40DC1 /* 事件响应链UITests.xctest */,
			);
			name = Products;
			sourceTree = "<group>";
		};
		F0D9CC1E1F4EC25900A40DC1 /* 事件响应链 */ = {
			isa = PBXGroup;
			children = (
				F0D9CC221F4EC25900A40DC1 /* AppDelegate.h */,
				F0D9CC231F4EC25900A40DC1 /* AppDelegate.m */,
				F0D9CC251F4EC25900A40DC1 /* ViewController.h */,
				F0D9CC261F4EC25900A40DC1 /* ViewController.m */,
				F0D9CC281F4EC25900A40DC1 /* Main.storyboard */,
				F0D9CC2B1F4EC25900A40DC1 /* Assets.xcassets */,
				F0D9CC2D1F4EC25900A40DC1 /* LaunchScreen.storyboard */,
				F0D9CC301F4EC25900A40DC1 /* Info.plist */,
				F0D9CC1F1F4EC25900A40DC1 /* Supporting Files */,
			);
			path = "事件响应链";
			sourceTree = "<group>";
		};
		F0D9CC1F1F4EC25900A40DC1 /* Supporting Files */ = {
			isa = PBXGroup;
			children = (
				F0D9CC201F4EC25900A40DC1 /* main.m */,
			);
			name = "Supporting Files";
			sourceTree = "<group>";
		};
		F0D9CC381F4EC25900A40DC1 /* 事件响应链Tests */ = {
			isa = PBXGroup;
			children = (
				F0D9CC391F4EC25900A40DC1 /* _____Tests.m */,
				F0D9CC3B1F4EC25900A40DC1 /* Info.plist */,
			);
			path = "事件响应链Tests";
			sourceTree = "<group>";
		};
		F0D9CC431F4EC25900A40DC1 /* 事件响应链UITests */ = {
			isa = PBXGroup;
			children = (
				F0D9CC441F4EC25900A40DC1 /* _____UITests.m */,
				F0D9CC461F4EC25900A40DC1 /* Info.plist */,
			);
			path = "事件响应链UITests";
			sourceTree = "<group>";
		};
/* End PBXGroup section */

/* Begin PBXNativeTarget section */
		F0D9CC1B1F4EC25900A40DC1 /* 事件响应链 */ = {
			isa = PBXNativeTarget;
			buildConfigurationList = F0D9CC491F4EC25900A40DC1 /* Build configuration list for PBXNativeTarget "事件响应链" */;
			buildPhases = (
				F0D9CC181F4EC25900A40DC1 /* Sources */,
				F0D9CC191F4EC25900A40DC1 /* Frameworks */,
				F0D9CC1A1F4EC25900A40DC1 /* Resources */,
			);
			buildRules = (
			);
			dependencies = (
			);
			name = "事件响应链";
			productName = "事件响应链";
			productReference = F0D9CC1C1F4EC25900A40DC1 /* 事件响应链.app */;
			productType = "com.apple.product-type.application";
		};
		F0D9CC341F4EC25900A40DC1 /* 事件响应链Tests */ = {
			isa = PBXNativeTarget;
			buildConfigurationList = F0D9CC4C1F4EC25900A40DC1 /* Build configuration list for PBXNativeTarget "事件响应链Tests" */;
			buildPhases = (
				F0D9CC311F4EC25900A40DC1 /* Sources */,
				F0D9CC321F4EC25900A40DC1 /* Frameworks */,
				F0D9CC331F4EC25900A40DC1 /* Resources */,
			);
			buildRules = (
			);
			dependencies = (
				F0D9CC371F4EC25900A40DC1 /* PBXTargetDependency */,
			);
			name = "事件响应链Tests";
			productName = "事件响应链Tests";
			productReference = F0D9CC351F4EC25900A40DC1 /* 事件响应链Tests.xctest */;
			productType = "com.apple.product-type.bundle.unit-test";
		};
		F0D9CC3F1F4EC25900A40DC1 /* 事件响应链UITests */ = {
			isa = PBXNativeTarget;
			buildConfigurationList = F0D9CC4F1F4EC25900A40DC1 /* Build configuration list for PBXNativeTarget "事件响应链UITests" */;
			buildPhases = (
				F0D9CC3C1F4EC25900A40DC1 /* Sources */,
				F0D9CC3D1F4EC25900A40DC1 /* Frameworks */,
				F0D9CC3E1F4EC25900A40DC1 /* Resources */,
			);
			buildRules = (
			);
			dependencies = (
				F0D9CC421F4EC25900A40DC1 /* PBXTargetDependency */,
			);
			name = "事件响应链UITests";
			productName = "事件响应链UITests";
			productReference = F0D9CC401F4EC25900A40DC1 /* 事件响应链UITests.xctest */;
			productType = "com.apple.product-type.bundle.ui-testing";
		};
/* End PBXNativeTarget section */

/* Begin PBXProject section */
		F0D9CC141F4EC25900A40DC1 /* Project object */ = {
			isa = PBXProject;
			attributes = {
				LastUpgradeCheck = 0830;
				ORGANIZATIONNAME = "zh dk";
				TargetAttributes = {
					F0D9CC1B1F4EC25900A40DC1 = {
						CreatedOnToolsVersion = 8.3.3;
						ProvisioningStyle = Automatic;
					};
					F0D9CC341F4EC25900A40DC1 = {
						CreatedOnToolsVersion = 8.3.3;
						ProvisioningStyle = Automatic;
						TestTargetID = F0D9CC1B1F4EC25900A40DC1;
					};
					F0D9CC3F1F4EC25900A40DC1 = {
						CreatedOnToolsVersion = 8.3.3;
						ProvisioningStyle = Automatic;
						TestTargetID = F0D9CC1B1F4EC25900A40DC1;
					};
				};
			};
			buildConfigurationList = F0D9CC171F4EC25900A40DC1 /* Build configuration list for PBXProject "事件响应链" */;
			compatibilityVersion = "Xcode 3.2";
			developmentRegion = English;
			hasScannedForEncodings = 0;
			knownRegions = (
				en,
				Base,
			);
			mainGroup = F0D9CC131F4EC25900A40DC1;
			productRefGroup = F0D9CC1D1F4EC25900A40DC1 /* Products */;
			projectDirPath = "";
			projectRoot = "";
			targets = (
				F0D9CC1B1F4EC25900A40DC1 /* 事件响应链 */,
				F0D9CC341F4EC25900A40DC1 /* 事件响应链Tests */,
				F0D9CC3F1F4EC25900A40DC1 /* 事件响应链UITests */,
			);
		};
/* End PBXProject section */

/* Begin PBXResourcesBuildPhase section */
		F0D9CC1A1F4EC25900A40DC1 /* Resources */ = {
			isa = PBXResourcesBuildPhase;
			buildActionMask = 2147483647;
			files = (
				F0D9CC2F1F4EC25900A40DC1 /* LaunchScreen.storyboard in Resources */,
				F0D9CC2C1F4EC25900A40DC1 /* Assets.xcassets in Resources */,
				F0D9CC2A1F4EC25900A40DC1 /* Main.storyboard in Resources */,
			);
			runOnlyForDeploymentPostprocessing = 0;
		};
		F0D9CC331F4EC25900A40DC1 /* Resources */ = {
			isa = PBXResourcesBuildPhase;
			buildActionMask = 2147483647;
			files = (
			);
			runOnlyForDeploymentPostprocessing = 0;
		};
		F0D9CC3E1F4EC25900A40DC1 /* Resources */ = {
			isa = PBXResourcesBuildPhase;
			buildActionMask = 2147483647;
			files = (
			);
			runOnlyForDeploymentPostprocessing = 0;
		};
/* End PBXResourcesBuildPhase section */

/* Begin PBXSourcesBuildPhase section */
		F0D9CC181F4EC25900A40DC1 /* Sources */ = {
			isa = PBXSourcesBuildPhase;
			buildActionMask = 2147483647;
			files = (
				F0D9CC271F4EC25900A40DC1 /* ViewController.m in Sources */,
				F0D9CC241F4EC25900A40DC1 /* AppDelegate.m in Sources */,
				F0D9CC211F4EC25900A40DC1 /* main.m in Sources */,
			);
			runOnlyForDeploymentPostprocessing = 0;
		};
		F0D9CC311F4EC25900A40DC1 /* Sources */ = {
			isa = PBXSourcesBuildPhase;
			buildActionMask = 2147483647;
			files = (
				F0D9CC3A1F4EC25900A40DC1 /* _____Tests.m in Sources */,
			);
			runOnlyForDeploymentPostprocessing = 0;
		};
		F0D9CC3C1F4EC25900A40DC1 /* Sources */ = {
			isa = PBXSourcesBuildPhase;
			buildActionMask = 2147483647;
			files = (
				F0D9CC451F4EC25900A40DC1 /* _____UITests.m in Sources */,
			);
			runOnlyForDeploymentPostprocessing = 0;
		};
/* End PBXSourcesBuildPhase section */

/* Begin PBXTargetDependency section */
		F0D9CC371F4EC25900A40DC1 /* PBXTargetDependency */ = {
			isa = PBXTargetDependency;
			target = F0D9CC1B1F4EC25900A40DC1 /* 事件响应链 */;
			targetProxy = F0D9CC361F4EC25900A40DC1 /* PBXContainerItemProxy */;
		};
		F0D9CC421F4EC25900A40DC1 /* PBXTargetDependency */ = {
			isa = PBXTargetDependency;
			target = F0D9CC1B1F4EC25900A40DC1 /* 事件响应链 */;
			targetProxy = F0D9CC411F4EC25900A40DC1 /* PBXContainerItemProxy */;
		};
/* End PBXTargetDependency section */

/* Begin PBXVariantGroup section */
		F0D9CC281F4EC25900A40DC1 /* Main.storyboard */ = {
			isa = PBXVariantGroup;
			children = (
				F0D9CC291F4EC25900A40DC1 /* Base */,
			);
			name = Main.storyboard;
			sourceTree = "<group>";
		};
		F0D9CC2D1F4EC25900A40DC1 /* LaunchScreen.storyboard */ = {
			isa = PBXVariantGroup;
			children = (
				F0D9CC2E1F4EC25900A40DC1 /* Base */,
			);
			name = LaunchScreen.storyboard;
			sourceTree = "<group>";
		};
/* End PBXVariantGroup section */

/* Begin XCBuildConfiguration section */
		F0D9CC471F4EC25900A40DC1 /* Debug */ = {
			isa = XCBuildConfiguration;
			buildSettings = {
				ALWAYS_SEARCH_USER_PATHS = NO;
				CLANG_ANALYZER_NONNULL = YES;
				CLANG_ANALYZER_NUMBER_OBJECT_CONVERSION = YES_AGGRESSIVE;
				CLANG_CXX_LANGUAGE_STANDARD = "gnu++0x";
				CLANG_CXX_LIBRARY = "libc++";
				CLANG_ENABLE_MODULES = YES;
				CLANG_ENABLE_OBJC_ARC = YES;
				CLANG_WARN_BOOL_CONVERSION = YES;
				CLANG_WARN_CONSTANT_CONVERSION = YES;
				CLANG_WARN_DIRECT_OBJC_ISA_USAGE = YES_ERROR;
				CLANG_WARN_DOCUMENTATION_COMMENTS = YES;
				CLANG_WARN_EMPTY_BODY = YES;
				CLANG_WARN_ENUM_CONVERSION = YES;
				CLANG_WARN_INFINITE_RECURSION = YES;
				CLANG_WARN_INT_CONVERSION = YES;
				CLANG_WARN_OBJC_ROOT_CLASS = YES_ERROR;
				CLANG_WARN_SUSPICIOUS_MOVE = YES;
				CLANG_WARN_UNREACHABLE_CODE = YES;
				CLANG_WARN__DUPLICATE_METHOD_MATCH = YES;
				"CODE_SIGN_IDENTITY[sdk=iphoneos*]" = "iPhone Developer";
				COPY_PHASE_STRIP = NO;
				DEBUG_INFORMATION_FORMAT = dwarf;
				ENABLE_STRICT_OBJC_MSGSEND = YES;
				ENABLE_TESTABILITY = YES;
				GCC_C_LANGUAGE_STANDARD = gnu99;
				GCC_DYNAMIC_NO_PIC = NO;
				GCC_NO_COMMON_BLOCKS = YES;
				GCC_OPTIMIZATION_LEVEL = 0;
				GCC_PREPROCESSOR_DEFINITIONS = (
					"DEBUG=1",
					"$(inherited)",
				);
				GCC_WARN_64_TO_32_BIT_CONVERSION = YES;
				GCC_WARN_ABOUT_RETURN_TYPE = YES_ERROR;
				GCC_WARN_UNDECLARED_SELECTOR = YES;
				GCC_WARN_UNINITIALIZED_AUTOS = YES_AGGRESSIVE;
				GCC_WARN_UNUSED_FUNCTION = YES;
				GCC_WARN_UNUSED_VARIABLE = YES;
				IPHONEOS_DEPLOYMENT_TARGET = 10.3;
				MTL_ENABLE_DEBUG_INFO = YES;
				ONLY_ACTIVE_ARCH = YES;
				SDKROOT = iphoneos;
			};
			name = Debug;
		};
		F0D9CC481F4EC25900A40DC1 /* Release */ = {
			isa = XCBuildConfiguration;
			buildSettings = {
				ALWAYS_SEARCH_USER_PATHS = NO;
				CLANG_ANALYZER_NONNULL = YES;
				CLANG_ANALYZER_NUMBER_OBJECT_CONVERSION = YES_AGGRESSIVE;
				CLANG_CXX_LANGUAGE_STANDARD = "gnu++0x";
				CLANG_CXX_LIBRARY = "libc++";
				CLANG_ENABLE_MODULES = YES;
				CLANG_ENABLE_OBJC_ARC = YES;
				CLANG_WARN_BOOL_CONVERSION = YES;
				CLANG_WARN_CONSTANT_CONVERSION = YES;
				CLANG_WARN_DIRECT_OBJC_ISA_USAGE = YES_ERROR;
				CLANG_WARN_DOCUMENTATION_COMMENTS = YES;
				CLANG_WARN_EMPTY_BODY = YES;
				CLANG_WARN_ENUM_CONVERSION = YES;
				CLANG_WARN_INFINITE_RECURSION = YES;
				CLANG_WARN_INT_CONVERSION = YES;
				CLANG_WARN_OBJC_ROOT_CLASS = YES_ERROR;
				CLANG_WARN_SUSPICIOUS_MOVE = YES;
				CLANG_WARN_UNREACHABLE_CODE = YES;
				CLANG_WARN__DUPLICATE_METHOD_MATCH = YES;
				"CODE_SIGN_IDENTITY[sdk=iphoneos*]" = "iPhone Developer";
				COPY_PHASE_STRIP = NO;
				DEBUG_INFORMATION_FORMAT = "dwarf-with-dsym";
				ENABLE_NS_ASSERTIONS = NO;
				ENABLE_STRICT_OBJC_MSGSEND = YES;
				GCC_C_LANGUAGE_STANDARD = gnu99;
				GCC_NO_COMMON_BLOCKS = YES;
				GCC_WARN_64_TO_32_BIT_CONVERSION = YES;
				GCC_WARN_ABOUT_RETURN_TYPE = YES_ERROR;
				GCC_WARN_UNDECLARED_SELECTOR = YES;
				GCC_WARN_UNINITIALIZED_AUTOS = YES_AGGRESSIVE;
				GCC_WARN_UNUSED_FUNCTION = YES;
				GCC_WARN_UNUSED_VARIABLE = YES;
				IPHONEOS_DEPLOYMENT_TARGET = 10.3;
				MTL_ENABLE_DEBUG_INFO = NO;
				SDKROOT = iphoneos;
				VALIDATE_PRODUCT = YES;
			};
			name = Release;
		};
		F0D9CC4A1F4EC25900A40DC1 /* Debug */ = {
			isa = XCBuildConfiguration;
			buildSettings = {
				ASSETCATALOG_COMPILER_APPICON_NAME = AppIcon;
				INFOPLIST_FILE = "事件响应链/Info.plist";
				LD_RUNPATH_SEARCH_PATHS = "$(inherited) @executable_path/Frameworks";
				PRODUCT_BUNDLE_IDENTIFIER = "zhdk.-----";
				PRODUCT_NAME = "$(TARGET_NAME)";
			};
			name = Debug;
		};
		F0D9CC4B1F4EC25900A40DC1 /* Release */ = {
			isa = XCBuildConfiguration;
			buildSettings = {
				ASSETCATALOG_COMPILER_APPICON_NAME = AppIcon;
				INFOPLIST_FILE = "事件响应链/Info.plist";
				LD_RUNPATH_SEARCH_PATHS = "$(inherited) @executable_path/Frameworks";
				PRODUCT_BUNDLE_IDENTIFIER = "zhdk.-----";
				PRODUCT_NAME = "$(TARGET_NAME)";
			};
			name = Release;
		};
		F0D9CC4D1F4EC25900A40DC1 /* Debug */ = {
			isa = XCBuildConfiguration;
			buildSettings = {
				BUNDLE_LOADER = "$(TEST_HOST)";
				INFOPLIST_FILE = "事件响应链Tests/Info.plist";
				LD_RUNPATH_SEARCH_PATHS = "$(inherited) @executable_path/Frameworks @loader_path/Frameworks";
				PRODUCT_BUNDLE_IDENTIFIER = "zhdk.-----Tests";
				PRODUCT_NAME = "$(TARGET_NAME)";
				TEST_HOST = "$(BUILT_PRODUCTS_DIR)/事件响应链.app/事件响应链";
			};
			name = Debug;
		};
		F0D9CC4E1F4EC25900A40DC1 /* Release */ = {
			isa = XCBuildConfiguration;
			buildSettings = {
				BUNDLE_LOADER = "$(TEST_HOST)";
				INFOPLIST_FILE = "事件响应链Tests/Info.plist";
				LD_RUNPATH_SEARCH_PATHS = "$(inherited) @executable_path/Frameworks @loader_path/Frameworks";
				PRODUCT_BUNDLE_IDENTIFIER = "zhdk.-----Tests";
				PRODUCT_NAME = "$(TARGET_NAME)";
				TEST_HOST = "$(BUILT_PRODUCTS_DIR)/事件响应链.app/事件响应链";
			};
			name = Release;
		};
		F0D9CC501F4EC25900A40DC1 /* Debug */ = {
			isa = XCBuildConfiguration;
			buildSettings = {
				INFOPLIST_FILE = "事件响应链UITests/Info.plist";
				LD_RUNPATH_SEARCH_PATHS = "$(inherited) @executable_path/Frameworks @loader_path/Frameworks";
				PRODUCT_BUNDLE_IDENTIFIER = "zhdk.-----UITests";
				PRODUCT_NAME = "$(TARGET_NAME)";
				TEST_TARGET_NAME = "事件响应链";
			};
			name = Debug;
		};
		F0D9CC511F4EC25900A40DC1 /* Release */ = {
			isa = XCBuildConfiguration;
			buildSettings = {
				INFOPLIST_FILE = "事件响应链UITests/Info.plist";
				LD_RUNPATH_SEARCH_PATHS = "$(inherited) @executable_path/Frameworks @loader_path/Frameworks";
				PRODUCT_BUNDLE_IDENTIFIER = "zhdk.-----UITests";
				PRODUCT_NAME = "$(TARGET_NAME)";
				TEST_TARGET_NAME = "事件响应链";
			};
			name = Release;
		};
/* End XCBuildConfiguration section */

/* Begin XCConfigurationList section */
		F0D9CC171F4EC25900A40DC1 /* Build configuration list for PBXProject "事件响应链" */ = {
			isa = XCConfigurationList;
			buildConfigurations = (
				F0D9CC471F4EC25900A40DC1 /* Debug */,
				F0D9CC481F4EC25900A40DC1 /* Release */,
			);
			defaultConfigurationIsVisible = 0;
			defaultConfigurationName = Release;
		};
		F0D9CC491F4EC25900A40DC1 /* Build configuration list for PBXNativeTarget "事件响应链" */ = {
			isa = XCConfigurationList;
			buildConfigurations = (
				F0D9CC4A1F4EC25900A40DC1 /* Debug */,
				F0D9CC4B1F4EC25900A40DC1 /* Release */,
			);
			defaultConfigurationIsVisible = 0;
		};
		F0D9CC4C1F4EC25900A40DC1 /* Build configuration list for PBXNativeTarget "事件响应链Tests" */ = {
			isa = XCConfigurationList;
			buildConfigurations = (
				F0D9CC4D1F4EC25900A40DC1 /* Debug */,
				F0D9CC4E1F4EC25900A40DC1 /* Release */,
			);
			defaultConfigurationIsVisible = 0;
		};
		F0D9CC4F1F4EC25900A40DC1 /* Build configuration list for PBXNativeTarget "事件响应链UITests" */ = {
			isa = XCConfigurationList;
			buildConfigurations = (
				F0D9CC501F4EC25900A40DC1 /* Debug */,
				F0D9CC511F4EC25900A40DC1 /* Release */,
			);
			defaultConfigurationIsVisible = 0;
		};
/* End XCConfigurationList section */
	};
	rootObject = F0D9CC141F4EC25900A40DC1 /* Project object */;
}
